github.com/arivictor/gomark v0.1.0 h1:lgIh1G6CiMAL4yj4nuqzYIidapjvDXXmPWR8AynZkjw=
github.com/arivictor/gomark v0.1.0/go.mod h1:R7Mq9S67crZii6LwbufQFZ19NbRDkLoN4RNzrVJ5VHI=
github.com/arivictor/gomark v0.1.1 h1:VbweF5JJxjY5mPChD5xsZSKXfKItgpPuuY94vbBgnNE=
github.com/arivictor/gomark v0.1.1/go.mod h1:R7Mq9S67crZii6LwbufQFZ19NbRDkLoN4RNzrVJ5VHI=
github.com/arivictor/gomark v0.1.4 h1:CXB4SEHwYE0c+OiJs9i0LfGBnvcfiqosfw5KVJBr6gU=
github.com/arivictor/gomark v0.1.4/go.mod h1:R7Mq9S67crZii6LwbufQFZ19NbRDkLoN4RNzrVJ5VHI=
github.com/arivictor/gomark v0.1.5 h1:uDODKUCBIzFMfCx0dcoKzDATmcrS49m35lwVTvAbmnw=
github.com/arivictor/gomark v0.1.5/go.mod h1:R7Mq9S67crZii6LwbufQFZ19NbRDkLoN4RNzrVJ5VHI=
github.com/arivictor/gomark v0.1.6 h1:NT8+Rh6lnPPItCRAlEUMDuTntqcdZlhbDTWEDGEc2lw=
github.com/arivictor/gomark v0.1.6/go.mod h1:R7Mq9S67crZii6LwbufQFZ19NbRDkLoN4RNzrVJ5VHI=
github.com/arivictor/gomark v0.1.9 h1:c4QI/dBz0398Nh17dYRKdbR9z8xm71qQbNsxKdqfH+Q=
github.com/arivictor/gomark v0.1.9/go.mod h1:R7Mq9S67crZii6LwbufQFZ19NbRDkLoN4RNzrVJ5VHI=
