github.com/arivictor/gomark v0.1.0 h1:lgIh1G6CiMAL4yj4nuqzYIidapjvDXXmPWR8AynZkjw=
github.com/arivictor/gomark v0.1.0/go.mod h1:R7Mq9S67crZii6LwbufQFZ19NbRDkLoN4RNzrVJ5VHI=
github.com/arivictor/gomark v0.1.1 h1:VbweF5JJxjY5mPChD5xsZSKXfKItgpPuuY94vbBgnNE=
github.com/arivictor/gomark v0.1.1/go.mod h1:R7Mq9S67crZii6LwbufQFZ19NbRDkLoN4RNzrVJ5VHI=
github.com/arivictor/gomark v0.1.4 h1:CXB4SEHwYE0c+OiJs9i0LfGBnvcfiqosfw5KVJBr6gU=
github.com/arivictor/gomark v0.1.4/go.mod h1:R7Mq9S67crZii6LwbufQFZ19NbRDkLoN4RNzrVJ5VHI=
